
Microsoft Visual Studio Solution File, Format Version 12.00
# Visual Studio Version 18
VisualStudioVersion = 18.3.11415.281 d18.3
MinimumVisualStudioVersion = 10.0.40219.1
Project("{FAE04EC0-301F-11D3-BF4B-00C04F79EFBC}") = "TerrariaTenebrous", "TerrariaTenebrous.csproj", "{2CB4713F-3677-BEBB-3D84-831FC07EB923}"
EndProject
Global
	GlobalSection(SolutionConfigurationPlatforms) = preSolution
		Debug|Any CPU = Debug|Any CPU
		Release|Any CPU = Release|Any CPU
	EndGlobalSection
	GlobalSection(ProjectConfigurationPlatforms) = postSolution
		{2CB4713F-3677-BEBB-3D84-831FC07EB923}.Debug|Any CPU.ActiveCfg = Debug|Any CPU
		{2CB4713F-3677-BEBB-3D84-831FC07EB923}.Debug|Any CPU.Build.0 = Debug|Any CPU
		{2CB4713F-3677-BEBB-3D84-831FC07EB923}.Release|Any CPU.ActiveCfg = Release|Any CPU
		{2CB4713F-3677-BEBB-3D84-831FC07EB923}.Release|Any CPU.Build.0 = Release|Any CPU
	EndGlobalSection
	GlobalSection(SolutionProperties) = preSolution
		HideSolutionNode = FALSE
	EndGlobalSection
	GlobalSection(ExtensibilityGlobals) = postSolution
		SolutionGuid = {68559107-605E-43A9-A3D4-6C74D97BA506}
	EndGlobalSection
EndGlobal
